
Microsoft Visual Studio Solution File, Format Version 12.00
# Visual Studio 2012
Project("{FAE04EC0-301F-11D3-BF4B-00C04F79EFBC}") = "ReceptDigiBoek", "ReceptDigiBoek\ReceptDigiBoek.csproj", "{49155404-3E0A-4187-8E34-B53D4203084A}"
EndProject
Project("{FAE04EC0-301F-11D3-BF4B-00C04F79EFBC}") = "ReceptDigiBoek.iOS", "iOS\ReceptDigiBoek.iOS.csproj", "{05553A06-21B3-4C2B-8A90-928A852C78DE}"
EndProject
Project("{FAE04EC0-301F-11D3-BF4B-00C04F79EFBC}") = "ReceptDigiBoek.Droid", "Droid\ReceptDigiBoek.Droid.csproj", "{BA4C80E4-B00B-43A1-B70F-328D05F7EBF0}"
EndProject
Project("{FAE04EC0-301F-11D3-BF4B-00C04F79EFBC}") = "ReceptDigiBoek.UITests", "UITests\ReceptDigiBoek.UITests.csproj", "{ACED5FEC-61A8-432F-A21E-47D8A7FA3918}"
EndProject
Global
	GlobalSection(SolutionConfigurationPlatforms) = preSolution
		Debug|Any CPU = Debug|Any CPU
		Release|Any CPU = Release|Any CPU
		Debug|iPhoneSimulator = Debug|iPhoneSimulator
		Release|iPhone = Release|iPhone
		Release|iPhoneSimulator = Release|iPhoneSimulator
		Debug|iPhone = Debug|iPhone
	EndGlobalSection
	GlobalSection(ProjectConfigurationPlatforms) = postSolution
		{49155404-3E0A-4187-8E34-B53D4203084A}.Debug|Any CPU.ActiveCfg = Debug|Any CPU
		{49155404-3E0A-4187-8E34-B53D4203084A}.Debug|Any CPU.Build.0 = Debug|Any CPU
		{49155404-3E0A-4187-8E34-B53D4203084A}.Release|Any CPU.ActiveCfg = Release|Any CPU
		{49155404-3E0A-4187-8E34-B53D4203084A}.Release|Any CPU.Build.0 = Release|Any CPU
		{49155404-3E0A-4187-8E34-B53D4203084A}.Debug|iPhoneSimulator.ActiveCfg = Debug|Any CPU
		{49155404-3E0A-4187-8E34-B53D4203084A}.Debug|iPhoneSimulator.Build.0 = Debug|Any CPU
		{49155404-3E0A-4187-8E34-B53D4203084A}.Release|iPhone.ActiveCfg = Release|Any CPU
		{49155404-3E0A-4187-8E34-B53D4203084A}.Release|iPhone.Build.0 = Release|Any CPU
		{49155404-3E0A-4187-8E34-B53D4203084A}.Release|iPhoneSimulator.ActiveCfg = Release|Any CPU
		{49155404-3E0A-4187-8E34-B53D4203084A}.Release|iPhoneSimulator.Build.0 = Release|Any CPU
		{49155404-3E0A-4187-8E34-B53D4203084A}.Debug|iPhone.ActiveCfg = Debug|Any CPU
		{49155404-3E0A-4187-8E34-B53D4203084A}.Debug|iPhone.Build.0 = Debug|Any CPU
		{05553A06-21B3-4C2B-8A90-928A852C78DE}.Debug|Any CPU.ActiveCfg = Debug|iPhoneSimulator
		{05553A06-21B3-4C2B-8A90-928A852C78DE}.Debug|Any CPU.Build.0 = Debug|iPhoneSimulator
		{05553A06-21B3-4C2B-8A90-928A852C78DE}.Release|Any CPU.ActiveCfg = Release|iPhone
		{05553A06-21B3-4C2B-8A90-928A852C78DE}.Release|Any CPU.Build.0 = Release|iPhone
		{05553A06-21B3-4C2B-8A90-928A852C78DE}.Debug|iPhoneSimulator.ActiveCfg = Debug|iPhoneSimulator
		{05553A06-21B3-4C2B-8A90-928A852C78DE}.Debug|iPhoneSimulator.Build.0 = Debug|iPhoneSimulator
		{05553A06-21B3-4C2B-8A90-928A852C78DE}.Release|iPhone.ActiveCfg = Release|iPhone
		{05553A06-21B3-4C2B-8A90-928A852C78DE}.Release|iPhone.Build.0 = Release|iPhone
		{05553A06-21B3-4C2B-8A90-928A852C78DE}.Release|iPhoneSimulator.ActiveCfg = Release|iPhoneSimulator
		{05553A06-21B3-4C2B-8A90-928A852C78DE}.Release|iPhoneSimulator.Build.0 = Release|iPhoneSimulator
		{05553A06-21B3-4C2B-8A90-928A852C78DE}.Debug|iPhone.ActiveCfg = Debug|iPhone
		{05553A06-21B3-4C2B-8A90-928A852C78DE}.Debug|iPhone.Build.0 = Debug|iPhone
		{BA4C80E4-B00B-43A1-B70F-328D05F7EBF0}.Debug|Any CPU.ActiveCfg = Debug|Any CPU
		{BA4C80E4-B00B-43A1-B70F-328D05F7EBF0}.Debug|Any CPU.Build.0 = Debug|Any CPU
		{BA4C80E4-B00B-43A1-B70F-328D05F7EBF0}.Release|Any CPU.ActiveCfg = Release|Any CPU
		{BA4C80E4-B00B-43A1-B70F-328D05F7EBF0}.Release|Any CPU.Build.0 = Release|Any CPU
		{BA4C80E4-B00B-43A1-B70F-328D05F7EBF0}.Debug|iPhoneSimulator.ActiveCfg = Debug|Any CPU
		{BA4C80E4-B00B-43A1-B70F-328D05F7EBF0}.Debug|iPhoneSimulator.Build.0 = Debug|Any CPU
		{BA4C80E4-B00B-43A1-B70F-328D05F7EBF0}.Release|iPhone.ActiveCfg = Release|Any CPU
		{BA4C80E4-B00B-43A1-B70F-328D05F7EBF0}.Release|iPhone.Build.0 = Release|Any CPU
		{BA4C80E4-B00B-43A1-B70F-328D05F7EBF0}.Release|iPhoneSimulator.ActiveCfg = Release|Any CPU
		{BA4C80E4-B00B-43A1-B70F-328D05F7EBF0}.Release|iPhoneSimulator.Build.0 = Release|Any CPU
		{BA4C80E4-B00B-43A1-B70F-328D05F7EBF0}.Debug|iPhone.ActiveCfg = Debug|Any CPU
		{BA4C80E4-B00B-43A1-B70F-328D05F7EBF0}.Debug|iPhone.Build.0 = Debug|Any CPU
		{ACED5FEC-61A8-432F-A21E-47D8A7FA3918}.Debug|Any CPU.ActiveCfg = Debug|Any CPU
		{ACED5FEC-61A8-432F-A21E-47D8A7FA3918}.Debug|Any CPU.Build.0 = Debug|Any CPU
		{ACED5FEC-61A8-432F-A21E-47D8A7FA3918}.Release|Any CPU.ActiveCfg = Release|Any CPU
		{ACED5FEC-61A8-432F-A21E-47D8A7FA3918}.Release|Any CPU.Build.0 = Release|Any CPU
		{ACED5FEC-61A8-432F-A21E-47D8A7FA3918}.Debug|iPhoneSimulator.ActiveCfg = Debug|Any CPU
		{ACED5FEC-61A8-432F-A21E-47D8A7FA3918}.Debug|iPhoneSimulator.Build.0 = Debug|Any CPU
		{ACED5FEC-61A8-432F-A21E-47D8A7FA3918}.Release|iPhone.ActiveCfg = Release|Any CPU
		{ACED5FEC-61A8-432F-A21E-47D8A7FA3918}.Release|iPhone.Build.0 = Release|Any CPU
		{ACED5FEC-61A8-432F-A21E-47D8A7FA3918}.Release|iPhoneSimulator.ActiveCfg = Release|Any CPU
		{ACED5FEC-61A8-432F-A21E-47D8A7FA3918}.Release|iPhoneSimulator.Build.0 = Release|Any CPU
		{ACED5FEC-61A8-432F-A21E-47D8A7FA3918}.Debug|iPhone.ActiveCfg = Debug|Any CPU
		{ACED5FEC-61A8-432F-A21E-47D8A7FA3918}.Debug|iPhone.Build.0 = Debug|Any CPU
	EndGlobalSection
EndGlobal
