
Microsoft Visual Studio Solution File, Format Version 12.00
# Visual Studio 15
VisualStudioVersion = 15.0.26430.13
MinimumVisualStudioVersion = 10.0.40219.1
Project("{D954291E-2A0B-460D-934E-DC6B0785DB48}") = "App1", "App1\App1\App1.shproj", "{7F6F123E-6450-4A34-A471-18674A1793A1}"
EndProject
Project("{FAE04EC0-301F-11D3-BF4B-00C04F79EFBC}") = "App1.Android", "App1\App1.Android\App1.Android.csproj", "{1DF2C029-BC95-4AAE-95BB-E845FC566B26}"
EndProject
Project("{FAE04EC0-301F-11D3-BF4B-00C04F79EFBC}") = "App1.iOS", "App1\App1.iOS\App1.iOS.csproj", "{CBE58A08-A618-406D-A9C5-3F07EBE751ED}"
EndProject
Project("{FAE04EC0-301F-11D3-BF4B-00C04F79EFBC}") = "App1.UWP", "App1\App1.UWP\App1.UWP.csproj", "{2A0E823A-2F43-4F0D-8475-D14AA985C6D7}"
EndProject
Global
	GlobalSection(SharedMSBuildProjectFiles) = preSolution
		App1\App1\App1.projitems*{1df2c029-bc95-4aae-95bb-e845fc566b26}*SharedItemsImports = 4
		App1\App1\App1.projitems*{2a0e823a-2f43-4f0d-8475-d14aa985c6d7}*SharedItemsImports = 4
		App1\App1\App1.projitems*{7f6f123e-6450-4a34-a471-18674a1793a1}*SharedItemsImports = 13
		App1\App1\App1.projitems*{cbe58a08-a618-406d-a9c5-3f07ebe751ed}*SharedItemsImports = 4
	EndGlobalSection
	GlobalSection(SolutionConfigurationPlatforms) = preSolution
		Ad-Hoc|Any CPU = Ad-Hoc|Any CPU
		Ad-Hoc|ARM = Ad-Hoc|ARM
		Ad-Hoc|iPhone = Ad-Hoc|iPhone
		Ad-Hoc|iPhoneSimulator = Ad-Hoc|iPhoneSimulator
		Ad-Hoc|x64 = Ad-Hoc|x64
		Ad-Hoc|x86 = Ad-Hoc|x86
		AppStore|Any CPU = AppStore|Any CPU
		AppStore|ARM = AppStore|ARM
		AppStore|iPhone = AppStore|iPhone
		AppStore|iPhoneSimulator = AppStore|iPhoneSimulator
		AppStore|x64 = AppStore|x64
		AppStore|x86 = AppStore|x86
		Debug|Any CPU = Debug|Any CPU
		Debug|ARM = Debug|ARM
		Debug|iPhone = Debug|iPhone
		Debug|iPhoneSimulator = Debug|iPhoneSimulator
		Debug|x64 = Debug|x64
		Debug|x86 = Debug|x86
		Release|Any CPU = Release|Any CPU
		Release|ARM = Release|ARM
		Release|iPhone = Release|iPhone
		Release|iPhoneSimulator = Release|iPhoneSimulator
		Release|x64 = Release|x64
		Release|x86 = Release|x86
	EndGlobalSection
	GlobalSection(ProjectConfigurationPlatforms) = postSolution
		{1DF2C029-BC95-4AAE-95BB-E845FC566B26}.Ad-Hoc|Any CPU.ActiveCfg = Release|Any CPU
		{1DF2C029-BC95-4AAE-95BB-E845FC566B26}.Ad-Hoc|Any CPU.Build.0 = Release|Any CPU
		{1DF2C029-BC95-4AAE-95BB-E845FC566B26}.Ad-Hoc|Any CPU.Deploy.0 = Release|Any CPU
		{1DF2C029-BC95-4AAE-95BB-E845FC566B26}.Ad-Hoc|ARM.ActiveCfg = Release|Any CPU
		{1DF2C029-BC95-4AAE-95BB-E845FC566B26}.Ad-Hoc|ARM.Build.0 = Release|Any CPU
		{1DF2C029-BC95-4AAE-95BB-E845FC566B26}.Ad-Hoc|ARM.Deploy.0 = Release|Any CPU
		{1DF2C029-BC95-4AAE-95BB-E845FC566B26}.Ad-Hoc|iPhone.ActiveCfg = Release|Any CPU
		{1DF2C029-BC95-4AAE-95BB-E845FC566B26}.Ad-Hoc|iPhone.Build.0 = Release|Any CPU
		{1DF2C029-BC95-4AAE-95BB-E845FC566B26}.Ad-Hoc|iPhone.Deploy.0 = Release|Any CPU
		{1DF2C029-BC95-4AAE-95BB-E845FC566B26}.Ad-Hoc|iPhoneSimulator.ActiveCfg = Release|Any CPU
		{1DF2C029-BC95-4AAE-95BB-E845FC566B26}.Ad-Hoc|iPhoneSimulator.Build.0 = Release|Any CPU
		{1DF2C029-BC95-4AAE-95BB-E845FC566B26}.Ad-Hoc|iPhoneSimulator.Deploy.0 = Release|Any CPU
		{1DF2C029-BC95-4AAE-95BB-E845FC566B26}.Ad-Hoc|x64.ActiveCfg = Release|Any CPU
		{1DF2C029-BC95-4AAE-95BB-E845FC566B26}.Ad-Hoc|x64.Build.0 = Release|Any CPU
		{1DF2C029-BC95-4AAE-95BB-E845FC566B26}.Ad-Hoc|x64.Deploy.0 = Release|Any CPU
		{1DF2C029-BC95-4AAE-95BB-E845FC566B26}.Ad-Hoc|x86.ActiveCfg = Release|Any CPU
		{1DF2C029-BC95-4AAE-95BB-E845FC566B26}.Ad-Hoc|x86.Build.0 = Release|Any CPU
		{1DF2C029-BC95-4AAE-95BB-E845FC566B26}.Ad-Hoc|x86.Deploy.0 = Release|Any CPU
		{1DF2C029-BC95-4AAE-95BB-E845FC566B26}.AppStore|Any CPU.ActiveCfg = Release|Any CPU
		{1DF2C029-BC95-4AAE-95BB-E845FC566B26}.AppStore|Any CPU.Build.0 = Release|Any CPU
		{1DF2C029-BC95-4AAE-95BB-E845FC566B26}.AppStore|Any CPU.Deploy.0 = Release|Any CPU
		{1DF2C029-BC95-4AAE-95BB-E845FC566B26}.AppStore|ARM.ActiveCfg = Release|Any CPU
		{1DF2C029-BC95-4AAE-95BB-E845FC566B26}.AppStore|ARM.Build.0 = Release|Any CPU
		{1DF2C029-BC95-4AAE-95BB-E845FC566B26}.AppStore|ARM.Deploy.0 = Release|Any CPU
		{1DF2C029-BC95-4AAE-95BB-E845FC566B26}.AppStore|iPhone.ActiveCfg = Release|Any CPU
		{1DF2C029-BC95-4AAE-95BB-E845FC566B26}.AppStore|iPhone.Build.0 = Release|Any CPU
		{1DF2C029-BC95-4AAE-95BB-E845FC566B26}.AppStore|iPhone.Deploy.0 = Release|Any CPU
		{1DF2C029-BC95-4AAE-95BB-E845FC566B26}.AppStore|iPhoneSimulator.ActiveCfg = Release|Any CPU
		{1DF2C029-BC95-4AAE-95BB-E845FC566B26}.AppStore|iPhoneSimulator.Build.0 = Release|Any CPU
		{1DF2C029-BC95-4AAE-95BB-E845FC566B26}.AppStore|iPhoneSimulator.Deploy.0 = Release|Any CPU
		{1DF2C029-BC95-4AAE-95BB-E845FC566B26}.AppStore|x64.ActiveCfg = Release|Any CPU
		{1DF2C029-BC95-4AAE-95BB-E845FC566B26}.AppStore|x64.Build.0 = Release|Any CPU
		{1DF2C029-BC95-4AAE-95BB-E845FC566B26}.AppStore|x64.Deploy.0 = Release|Any CPU
		{1DF2C029-BC95-4AAE-95BB-E845FC566B26}.AppStore|x86.ActiveCfg = Release|Any CPU
		{1DF2C029-BC95-4AAE-95BB-E845FC566B26}.AppStore|x86.Build.0 = Release|Any CPU
		{1DF2C029-BC95-4AAE-95BB-E845FC566B26}.AppStore|x86.Deploy.0 = Release|Any CPU
		{1DF2C029-BC95-4AAE-95BB-E845FC566B26}.Debug|Any CPU.ActiveCfg = Debug|Any CPU
		{1DF2C029-BC95-4AAE-95BB-E845FC566B26}.Debug|Any CPU.Build.0 = Debug|Any CPU
		{1DF2C029-BC95-4AAE-95BB-E845FC566B26}.Debug|Any CPU.Deploy.0 = Debug|Any CPU
		{1DF2C029-BC95-4AAE-95BB-E845FC566B26}.Debug|ARM.ActiveCfg = Debug|Any CPU
		{1DF2C029-BC95-4AAE-95BB-E845FC566B26}.Debug|ARM.Build.0 = Debug|Any CPU
		{1DF2C029-BC95-4AAE-95BB-E845FC566B26}.Debug|ARM.Deploy.0 = Debug|Any CPU
		{1DF2C029-BC95-4AAE-95BB-E845FC566B26}.Debug|iPhone.ActiveCfg = Debug|Any CPU
		{1DF2C029-BC95-4AAE-95BB-E845FC566B26}.Debug|iPhone.Build.0 = Debug|Any CPU
		{1DF2C029-BC95-4AAE-95BB-E845FC566B26}.Debug|iPhone.Deploy.0 = Debug|Any CPU
		{1DF2C029-BC95-4AAE-95BB-E845FC566B26}.Debug|iPhoneSimulator.ActiveCfg = Debug|Any CPU
		{1DF2C029-BC95-4AAE-95BB-E845FC566B26}.Debug|iPhoneSimulator.Build.0 = Debug|Any CPU
		{1DF2C029-BC95-4AAE-95BB-E845FC566B26}.Debug|iPhoneSimulator.Deploy.0 = Debug|Any CPU
		{1DF2C029-BC95-4AAE-95BB-E845FC566B26}.Debug|x64.ActiveCfg = Debug|Any CPU
		{1DF2C029-BC95-4AAE-95BB-E845FC566B26}.Debug|x64.Build.0 = Debug|Any CPU
		{1DF2C029-BC95-4AAE-95BB-E845FC566B26}.Debug|x64.Deploy.0 = Debug|Any CPU
		{1DF2C029-BC95-4AAE-95BB-E845FC566B26}.Debug|x86.ActiveCfg = Debug|Any CPU
		{1DF2C029-BC95-4AAE-95BB-E845FC566B26}.Debug|x86.Build.0 = Debug|Any CPU
		{1DF2C029-BC95-4AAE-95BB-E845FC566B26}.Debug|x86.Deploy.0 = Debug|Any CPU
		{1DF2C029-BC95-4AAE-95BB-E845FC566B26}.Release|Any CPU.ActiveCfg = Release|Any CPU
		{1DF2C029-BC95-4AAE-95BB-E845FC566B26}.Release|Any CPU.Build.0 = Release|Any CPU
		{1DF2C029-BC95-4AAE-95BB-E845FC566B26}.Release|Any CPU.Deploy.0 = Release|Any CPU
		{1DF2C029-BC95-4AAE-95BB-E845FC566B26}.Release|ARM.ActiveCfg = Release|Any CPU
		{1DF2C029-BC95-4AAE-95BB-E845FC566B26}.Release|ARM.Build.0 = Release|Any CPU
		{1DF2C029-BC95-4AAE-95BB-E845FC566B26}.Release|ARM.Deploy.0 = Release|Any CPU
		{1DF2C029-BC95-4AAE-95BB-E845FC566B26}.Release|iPhone.ActiveCfg = Release|Any CPU
		{1DF2C029-BC95-4AAE-95BB-E845FC566B26}.Release|iPhone.Build.0 = Release|Any CPU
		{1DF2C029-BC95-4AAE-95BB-E845FC566B26}.Release|iPhone.Deploy.0 = Release|Any CPU
		{1DF2C029-BC95-4AAE-95BB-E845FC566B26}.Release|iPhoneSimulator.ActiveCfg = Release|Any CPU
		{1DF2C029-BC95-4AAE-95BB-E845FC566B26}.Release|iPhoneSimulator.Build.0 = Release|Any CPU
		{1DF2C029-BC95-4AAE-95BB-E845FC566B26}.Release|iPhoneSimulator.Deploy.0 = Release|Any CPU
		{1DF2C029-BC95-4AAE-95BB-E845FC566B26}.Release|x64.ActiveCfg = Release|Any CPU
		{1DF2C029-BC95-4AAE-95BB-E845FC566B26}.Release|x64.Build.0 = Release|Any CPU
		{1DF2C029-BC95-4AAE-95BB-E845FC566B26}.Release|x64.Deploy.0 = Release|Any CPU
		{1DF2C029-BC95-4AAE-95BB-E845FC566B26}.Release|x86.ActiveCfg = Release|Any CPU
		{1DF2C029-BC95-4AAE-95BB-E845FC566B26}.Release|x86.Build.0 = Release|Any CPU
		{1DF2C029-BC95-4AAE-95BB-E845FC566B26}.Release|x86.Deploy.0 = Release|Any CPU
		{CBE58A08-A618-406D-A9C5-3F07EBE751ED}.Ad-Hoc|Any CPU.ActiveCfg = Ad-Hoc|iPhone
		{CBE58A08-A618-406D-A9C5-3F07EBE751ED}.Ad-Hoc|ARM.ActiveCfg = Ad-Hoc|iPhone
		{CBE58A08-A618-406D-A9C5-3F07EBE751ED}.Ad-Hoc|iPhone.ActiveCfg = Ad-Hoc|iPhone
		{CBE58A08-A618-406D-A9C5-3F07EBE751ED}.Ad-Hoc|iPhone.Build.0 = Ad-Hoc|iPhone
		{CBE58A08-A618-406D-A9C5-3F07EBE751ED}.Ad-Hoc|iPhoneSimulator.ActiveCfg = Ad-Hoc|iPhoneSimulator
		{CBE58A08-A618-406D-A9C5-3F07EBE751ED}.Ad-Hoc|iPhoneSimulator.Build.0 = Ad-Hoc|iPhoneSimulator
		{CBE58A08-A618-406D-A9C5-3F07EBE751ED}.Ad-Hoc|x64.ActiveCfg = Ad-Hoc|iPhone
		{CBE58A08-A618-406D-A9C5-3F07EBE751ED}.Ad-Hoc|x86.ActiveCfg = Ad-Hoc|iPhone
		{CBE58A08-A618-406D-A9C5-3F07EBE751ED}.AppStore|Any CPU.ActiveCfg = AppStore|iPhone
		{CBE58A08-A618-406D-A9C5-3F07EBE751ED}.AppStore|ARM.ActiveCfg = AppStore|iPhone
		{CBE58A08-A618-406D-A9C5-3F07EBE751ED}.AppStore|iPhone.ActiveCfg = AppStore|iPhone
		{CBE58A08-A618-406D-A9C5-3F07EBE751ED}.AppStore|iPhone.Build.0 = AppStore|iPhone
		{CBE58A08-A618-406D-A9C5-3F07EBE751ED}.AppStore|iPhoneSimulator.ActiveCfg = AppStore|iPhoneSimulator
		{CBE58A08-A618-406D-A9C5-3F07EBE751ED}.AppStore|iPhoneSimulator.Build.0 = AppStore|iPhoneSimulator
		{CBE58A08-A618-406D-A9C5-3F07EBE751ED}.AppStore|x64.ActiveCfg = AppStore|iPhone
		{CBE58A08-A618-406D-A9C5-3F07EBE751ED}.AppStore|x86.ActiveCfg = AppStore|iPhone
		{CBE58A08-A618-406D-A9C5-3F07EBE751ED}.Debug|Any CPU.ActiveCfg = Debug|iPhone
		{CBE58A08-A618-406D-A9C5-3F07EBE751ED}.Debug|ARM.ActiveCfg = Debug|iPhone
		{CBE58A08-A618-406D-A9C5-3F07EBE751ED}.Debug|iPhone.ActiveCfg = Debug|iPhone
		{CBE58A08-A618-406D-A9C5-3F07EBE751ED}.Debug|iPhone.Build.0 = Debug|iPhone
		{CBE58A08-A618-406D-A9C5-3F07EBE751ED}.Debug|iPhoneSimulator.ActiveCfg = Debug|iPhoneSimulator
		{CBE58A08-A618-406D-A9C5-3F07EBE751ED}.Debug|iPhoneSimulator.Build.0 = Debug|iPhoneSimulator
		{CBE58A08-A618-406D-A9C5-3F07EBE751ED}.Debug|x64.ActiveCfg = Debug|iPhone
		{CBE58A08-A618-406D-A9C5-3F07EBE751ED}.Debug|x86.ActiveCfg = Debug|iPhone
		{CBE58A08-A618-406D-A9C5-3F07EBE751ED}.Release|Any CPU.ActiveCfg = Release|iPhone
		{CBE58A08-A618-406D-A9C5-3F07EBE751ED}.Release|ARM.ActiveCfg = Release|iPhone
		{CBE58A08-A618-406D-A9C5-3F07EBE751ED}.Release|iPhone.ActiveCfg = Release|iPhone
		{CBE58A08-A618-406D-A9C5-3F07EBE751ED}.Release|iPhone.Build.0 = Release|iPhone
		{CBE58A08-A618-406D-A9C5-3F07EBE751ED}.Release|iPhoneSimulator.ActiveCfg = Release|iPhoneSimulator
		{CBE58A08-A618-406D-A9C5-3F07EBE751ED}.Release|iPhoneSimulator.Build.0 = Release|iPhoneSimulator
		{CBE58A08-A618-406D-A9C5-3F07EBE751ED}.Release|x64.ActiveCfg = Release|iPhone
		{CBE58A08-A618-406D-A9C5-3F07EBE751ED}.Release|x86.ActiveCfg = Release|iPhone
		{2A0E823A-2F43-4F0D-8475-D14AA985C6D7}.Ad-Hoc|Any CPU.ActiveCfg = Release|x86
		{2A0E823A-2F43-4F0D-8475-D14AA985C6D7}.Ad-Hoc|Any CPU.Build.0 = Release|x86
		{2A0E823A-2F43-4F0D-8475-D14AA985C6D7}.Ad-Hoc|Any CPU.Deploy.0 = Release|x86
		{2A0E823A-2F43-4F0D-8475-D14AA985C6D7}.Ad-Hoc|ARM.ActiveCfg = Release|ARM
		{2A0E823A-2F43-4F0D-8475-D14AA985C6D7}.Ad-Hoc|ARM.Build.0 = Release|ARM
		{2A0E823A-2F43-4F0D-8475-D14AA985C6D7}.Ad-Hoc|ARM.Deploy.0 = Release|ARM
		{2A0E823A-2F43-4F0D-8475-D14AA985C6D7}.Ad-Hoc|iPhone.ActiveCfg = Release|x86
		{2A0E823A-2F43-4F0D-8475-D14AA985C6D7}.Ad-Hoc|iPhone.Build.0 = Release|x86
		{2A0E823A-2F43-4F0D-8475-D14AA985C6D7}.Ad-Hoc|iPhone.Deploy.0 = Release|x86
		{2A0E823A-2F43-4F0D-8475-D14AA985C6D7}.Ad-Hoc|iPhoneSimulator.ActiveCfg = Release|x86
		{2A0E823A-2F43-4F0D-8475-D14AA985C6D7}.Ad-Hoc|iPhoneSimulator.Build.0 = Release|x86
		{2A0E823A-2F43-4F0D-8475-D14AA985C6D7}.Ad-Hoc|iPhoneSimulator.Deploy.0 = Release|x86
		{2A0E823A-2F43-4F0D-8475-D14AA985C6D7}.Ad-Hoc|x64.ActiveCfg = Release|x64
		{2A0E823A-2F43-4F0D-8475-D14AA985C6D7}.Ad-Hoc|x64.Build.0 = Release|x64
		{2A0E823A-2F43-4F0D-8475-D14AA985C6D7}.Ad-Hoc|x64.Deploy.0 = Release|x64
		{2A0E823A-2F43-4F0D-8475-D14AA985C6D7}.Ad-Hoc|x86.ActiveCfg = Release|x86
		{2A0E823A-2F43-4F0D-8475-D14AA985C6D7}.Ad-Hoc|x86.Build.0 = Release|x86
		{2A0E823A-2F43-4F0D-8475-D14AA985C6D7}.Ad-Hoc|x86.Deploy.0 = Release|x86
		{2A0E823A-2F43-4F0D-8475-D14AA985C6D7}.AppStore|Any CPU.ActiveCfg = Release|x86
		{2A0E823A-2F43-4F0D-8475-D14AA985C6D7}.AppStore|Any CPU.Build.0 = Release|x86
		{2A0E823A-2F43-4F0D-8475-D14AA985C6D7}.AppStore|Any CPU.Deploy.0 = Release|x86
		{2A0E823A-2F43-4F0D-8475-D14AA985C6D7}.AppStore|ARM.ActiveCfg = Release|ARM
		{2A0E823A-2F43-4F0D-8475-D14AA985C6D7}.AppStore|ARM.Build.0 = Release|ARM
		{2A0E823A-2F43-4F0D-8475-D14AA985C6D7}.AppStore|ARM.Deploy.0 = Release|ARM
		{2A0E823A-2F43-4F0D-8475-D14AA985C6D7}.AppStore|iPhone.ActiveCfg = Release|x86
		{2A0E823A-2F43-4F0D-8475-D14AA985C6D7}.AppStore|iPhone.Build.0 = Release|x86
		{2A0E823A-2F43-4F0D-8475-D14AA985C6D7}.AppStore|iPhone.Deploy.0 = Release|x86
		{2A0E823A-2F43-4F0D-8475-D14AA985C6D7}.AppStore|iPhoneSimulator.ActiveCfg = Release|x86
		{2A0E823A-2F43-4F0D-8475-D14AA985C6D7}.AppStore|iPhoneSimulator.Build.0 = Release|x86
		{2A0E823A-2F43-4F0D-8475-D14AA985C6D7}.AppStore|iPhoneSimulator.Deploy.0 = Release|x86
		{2A0E823A-2F43-4F0D-8475-D14AA985C6D7}.AppStore|x64.ActiveCfg = Release|x64
		{2A0E823A-2F43-4F0D-8475-D14AA985C6D7}.AppStore|x64.Build.0 = Release|x64
		{2A0E823A-2F43-4F0D-8475-D14AA985C6D7}.AppStore|x64.Deploy.0 = Release|x64
		{2A0E823A-2F43-4F0D-8475-D14AA985C6D7}.AppStore|x86.ActiveCfg = Release|x86
		{2A0E823A-2F43-4F0D-8475-D14AA985C6D7}.AppStore|x86.Build.0 = Release|x86
		{2A0E823A-2F43-4F0D-8475-D14AA985C6D7}.AppStore|x86.Deploy.0 = Release|x86
		{2A0E823A-2F43-4F0D-8475-D14AA985C6D7}.Debug|Any CPU.ActiveCfg = Debug|x86
		{2A0E823A-2F43-4F0D-8475-D14AA985C6D7}.Debug|ARM.ActiveCfg = Debug|ARM
		{2A0E823A-2F43-4F0D-8475-D14AA985C6D7}.Debug|ARM.Build.0 = Debug|ARM
		{2A0E823A-2F43-4F0D-8475-D14AA985C6D7}.Debug|ARM.Deploy.0 = Debug|ARM
		{2A0E823A-2F43-4F0D-8475-D14AA985C6D7}.Debug|iPhone.ActiveCfg = Debug|x86
		{2A0E823A-2F43-4F0D-8475-D14AA985C6D7}.Debug|iPhoneSimulator.ActiveCfg = Debug|x86
		{2A0E823A-2F43-4F0D-8475-D14AA985C6D7}.Debug|x64.ActiveCfg = Debug|x64
		{2A0E823A-2F43-4F0D-8475-D14AA985C6D7}.Debug|x64.Build.0 = Debug|x64
		{2A0E823A-2F43-4F0D-8475-D14AA985C6D7}.Debug|x64.Deploy.0 = Debug|x64
		{2A0E823A-2F43-4F0D-8475-D14AA985C6D7}.Debug|x86.ActiveCfg = Debug|x86
		{2A0E823A-2F43-4F0D-8475-D14AA985C6D7}.Debug|x86.Build.0 = Debug|x86
		{2A0E823A-2F43-4F0D-8475-D14AA985C6D7}.Debug|x86.Deploy.0 = Debug|x86
		{2A0E823A-2F43-4F0D-8475-D14AA985C6D7}.Release|Any CPU.ActiveCfg = Release|x86
		{2A0E823A-2F43-4F0D-8475-D14AA985C6D7}.Release|ARM.ActiveCfg = Release|ARM
		{2A0E823A-2F43-4F0D-8475-D14AA985C6D7}.Release|ARM.Build.0 = Release|ARM
		{2A0E823A-2F43-4F0D-8475-D14AA985C6D7}.Release|ARM.Deploy.0 = Release|ARM
		{2A0E823A-2F43-4F0D-8475-D14AA985C6D7}.Release|iPhone.ActiveCfg = Release|x86
		{2A0E823A-2F43-4F0D-8475-D14AA985C6D7}.Release|iPhoneSimulator.ActiveCfg = Release|x86
		{2A0E823A-2F43-4F0D-8475-D14AA985C6D7}.Release|x64.ActiveCfg = Release|x64
		{2A0E823A-2F43-4F0D-8475-D14AA985C6D7}.Release|x64.Build.0 = Release|x64
		{2A0E823A-2F43-4F0D-8475-D14AA985C6D7}.Release|x64.Deploy.0 = Release|x64
		{2A0E823A-2F43-4F0D-8475-D14AA985C6D7}.Release|x86.ActiveCfg = Release|x86
		{2A0E823A-2F43-4F0D-8475-D14AA985C6D7}.Release|x86.Build.0 = Release|x86
		{2A0E823A-2F43-4F0D-8475-D14AA985C6D7}.Release|x86.Deploy.0 = Release|x86
	EndGlobalSection
	GlobalSection(SolutionProperties) = preSolution
		HideSolutionNode = FALSE
	EndGlobalSection
EndGlobal
