
Microsoft Visual Studio Solution File, Format Version 12.00
# Visual Studio 15
VisualStudioVersion = 15.0.26430.13
MinimumVisualStudioVersion = 10.0.40219.1
Project("{D954291E-2A0B-460D-934E-DC6B0785DB48}") = "RecipeApp", "RecipeApp\RecipeApp\RecipeApp.shproj", "{EBAD0DBD-EFCD-48F9-989F-DE15DC85A24F}"
EndProject
Project("{FAE04EC0-301F-11D3-BF4B-00C04F79EFBC}") = "RecipeApp.Android", "RecipeApp\RecipeApp.Android\RecipeApp.Android.csproj", "{B6D94822-061E-41C8-9219-8E9FD40D814E}"
EndProject
Project("{FAE04EC0-301F-11D3-BF4B-00C04F79EFBC}") = "RecipeApp.iOS", "RecipeApp\RecipeApp.iOS\RecipeApp.iOS.csproj", "{820D73D5-D143-4905-AEE0-B0426086AAA7}"
EndProject
Project("{FAE04EC0-301F-11D3-BF4B-00C04F79EFBC}") = "RecipeApp.UWP", "RecipeApp\RecipeApp.UWP\RecipeApp.UWP.csproj", "{E3DBBB50-DE75-4D98-9BCA-A561AAEAD510}"
EndProject
Global
	GlobalSection(SharedMSBuildProjectFiles) = preSolution
		RecipeApp\RecipeApp\RecipeApp.projitems*{820d73d5-d143-4905-aee0-b0426086aaa7}*SharedItemsImports = 4
		RecipeApp\RecipeApp\RecipeApp.projitems*{b6d94822-061e-41c8-9219-8e9fd40d814e}*SharedItemsImports = 4
		RecipeApp\RecipeApp\RecipeApp.projitems*{ebad0dbd-efcd-48f9-989f-de15dc85a24f}*SharedItemsImports = 13
	EndGlobalSection
	GlobalSection(SolutionConfigurationPlatforms) = preSolution
		Ad-Hoc|Any CPU = Ad-Hoc|Any CPU
		Ad-Hoc|ARM = Ad-Hoc|ARM
		Ad-Hoc|iPhone = Ad-Hoc|iPhone
		Ad-Hoc|iPhoneSimulator = Ad-Hoc|iPhoneSimulator
		Ad-Hoc|x64 = Ad-Hoc|x64
		Ad-Hoc|x86 = Ad-Hoc|x86
		AppStore|Any CPU = AppStore|Any CPU
		AppStore|ARM = AppStore|ARM
		AppStore|iPhone = AppStore|iPhone
		AppStore|iPhoneSimulator = AppStore|iPhoneSimulator
		AppStore|x64 = AppStore|x64
		AppStore|x86 = AppStore|x86
		Debug|Any CPU = Debug|Any CPU
		Debug|ARM = Debug|ARM
		Debug|iPhone = Debug|iPhone
		Debug|iPhoneSimulator = Debug|iPhoneSimulator
		Debug|x64 = Debug|x64
		Debug|x86 = Debug|x86
		Release|Any CPU = Release|Any CPU
		Release|ARM = Release|ARM
		Release|iPhone = Release|iPhone
		Release|iPhoneSimulator = Release|iPhoneSimulator
		Release|x64 = Release|x64
		Release|x86 = Release|x86
	EndGlobalSection
	GlobalSection(ProjectConfigurationPlatforms) = postSolution
		{B6D94822-061E-41C8-9219-8E9FD40D814E}.Ad-Hoc|Any CPU.ActiveCfg = Release|Any CPU
		{B6D94822-061E-41C8-9219-8E9FD40D814E}.Ad-Hoc|Any CPU.Build.0 = Release|Any CPU
		{B6D94822-061E-41C8-9219-8E9FD40D814E}.Ad-Hoc|Any CPU.Deploy.0 = Release|Any CPU
		{B6D94822-061E-41C8-9219-8E9FD40D814E}.Ad-Hoc|ARM.ActiveCfg = Release|Any CPU
		{B6D94822-061E-41C8-9219-8E9FD40D814E}.Ad-Hoc|ARM.Build.0 = Release|Any CPU
		{B6D94822-061E-41C8-9219-8E9FD40D814E}.Ad-Hoc|ARM.Deploy.0 = Release|Any CPU
		{B6D94822-061E-41C8-9219-8E9FD40D814E}.Ad-Hoc|iPhone.ActiveCfg = Release|Any CPU
		{B6D94822-061E-41C8-9219-8E9FD40D814E}.Ad-Hoc|iPhone.Build.0 = Release|Any CPU
		{B6D94822-061E-41C8-9219-8E9FD40D814E}.Ad-Hoc|iPhone.Deploy.0 = Release|Any CPU
		{B6D94822-061E-41C8-9219-8E9FD40D814E}.Ad-Hoc|iPhoneSimulator.ActiveCfg = Release|Any CPU
		{B6D94822-061E-41C8-9219-8E9FD40D814E}.Ad-Hoc|iPhoneSimulator.Build.0 = Release|Any CPU
		{B6D94822-061E-41C8-9219-8E9FD40D814E}.Ad-Hoc|iPhoneSimulator.Deploy.0 = Release|Any CPU
		{B6D94822-061E-41C8-9219-8E9FD40D814E}.Ad-Hoc|x64.ActiveCfg = Release|Any CPU
		{B6D94822-061E-41C8-9219-8E9FD40D814E}.Ad-Hoc|x64.Build.0 = Release|Any CPU
		{B6D94822-061E-41C8-9219-8E9FD40D814E}.Ad-Hoc|x64.Deploy.0 = Release|Any CPU
		{B6D94822-061E-41C8-9219-8E9FD40D814E}.Ad-Hoc|x86.ActiveCfg = Release|Any CPU
		{B6D94822-061E-41C8-9219-8E9FD40D814E}.Ad-Hoc|x86.Build.0 = Release|Any CPU
		{B6D94822-061E-41C8-9219-8E9FD40D814E}.Ad-Hoc|x86.Deploy.0 = Release|Any CPU
		{B6D94822-061E-41C8-9219-8E9FD40D814E}.AppStore|Any CPU.ActiveCfg = Release|Any CPU
		{B6D94822-061E-41C8-9219-8E9FD40D814E}.AppStore|Any CPU.Build.0 = Release|Any CPU
		{B6D94822-061E-41C8-9219-8E9FD40D814E}.AppStore|Any CPU.Deploy.0 = Release|Any CPU
		{B6D94822-061E-41C8-9219-8E9FD40D814E}.AppStore|ARM.ActiveCfg = Release|Any CPU
		{B6D94822-061E-41C8-9219-8E9FD40D814E}.AppStore|ARM.Build.0 = Release|Any CPU
		{B6D94822-061E-41C8-9219-8E9FD40D814E}.AppStore|ARM.Deploy.0 = Release|Any CPU
		{B6D94822-061E-41C8-9219-8E9FD40D814E}.AppStore|iPhone.ActiveCfg = Release|Any CPU
		{B6D94822-061E-41C8-9219-8E9FD40D814E}.AppStore|iPhone.Build.0 = Release|Any CPU
		{B6D94822-061E-41C8-9219-8E9FD40D814E}.AppStore|iPhone.Deploy.0 = Release|Any CPU
		{B6D94822-061E-41C8-9219-8E9FD40D814E}.AppStore|iPhoneSimulator.ActiveCfg = Release|Any CPU
		{B6D94822-061E-41C8-9219-8E9FD40D814E}.AppStore|iPhoneSimulator.Build.0 = Release|Any CPU
		{B6D94822-061E-41C8-9219-8E9FD40D814E}.AppStore|iPhoneSimulator.Deploy.0 = Release|Any CPU
		{B6D94822-061E-41C8-9219-8E9FD40D814E}.AppStore|x64.ActiveCfg = Release|Any CPU
		{B6D94822-061E-41C8-9219-8E9FD40D814E}.AppStore|x64.Build.0 = Release|Any CPU
		{B6D94822-061E-41C8-9219-8E9FD40D814E}.AppStore|x64.Deploy.0 = Release|Any CPU
		{B6D94822-061E-41C8-9219-8E9FD40D814E}.AppStore|x86.ActiveCfg = Release|Any CPU
		{B6D94822-061E-41C8-9219-8E9FD40D814E}.AppStore|x86.Build.0 = Release|Any CPU
		{B6D94822-061E-41C8-9219-8E9FD40D814E}.AppStore|x86.Deploy.0 = Release|Any CPU
		{B6D94822-061E-41C8-9219-8E9FD40D814E}.Debug|Any CPU.ActiveCfg = Debug|Any CPU
		{B6D94822-061E-41C8-9219-8E9FD40D814E}.Debug|Any CPU.Build.0 = Debug|Any CPU
		{B6D94822-061E-41C8-9219-8E9FD40D814E}.Debug|Any CPU.Deploy.0 = Debug|Any CPU
		{B6D94822-061E-41C8-9219-8E9FD40D814E}.Debug|ARM.ActiveCfg = Debug|Any CPU
		{B6D94822-061E-41C8-9219-8E9FD40D814E}.Debug|ARM.Build.0 = Debug|Any CPU
		{B6D94822-061E-41C8-9219-8E9FD40D814E}.Debug|ARM.Deploy.0 = Debug|Any CPU
		{B6D94822-061E-41C8-9219-8E9FD40D814E}.Debug|iPhone.ActiveCfg = Debug|Any CPU
		{B6D94822-061E-41C8-9219-8E9FD40D814E}.Debug|iPhone.Build.0 = Debug|Any CPU
		{B6D94822-061E-41C8-9219-8E9FD40D814E}.Debug|iPhone.Deploy.0 = Debug|Any CPU
		{B6D94822-061E-41C8-9219-8E9FD40D814E}.Debug|iPhoneSimulator.ActiveCfg = Debug|Any CPU
		{B6D94822-061E-41C8-9219-8E9FD40D814E}.Debug|iPhoneSimulator.Build.0 = Debug|Any CPU
		{B6D94822-061E-41C8-9219-8E9FD40D814E}.Debug|iPhoneSimulator.Deploy.0 = Debug|Any CPU
		{B6D94822-061E-41C8-9219-8E9FD40D814E}.Debug|x64.ActiveCfg = Debug|Any CPU
		{B6D94822-061E-41C8-9219-8E9FD40D814E}.Debug|x64.Build.0 = Debug|Any CPU
		{B6D94822-061E-41C8-9219-8E9FD40D814E}.Debug|x64.Deploy.0 = Debug|Any CPU
		{B6D94822-061E-41C8-9219-8E9FD40D814E}.Debug|x86.ActiveCfg = Debug|Any CPU
		{B6D94822-061E-41C8-9219-8E9FD40D814E}.Debug|x86.Build.0 = Debug|Any CPU
		{B6D94822-061E-41C8-9219-8E9FD40D814E}.Debug|x86.Deploy.0 = Debug|Any CPU
		{B6D94822-061E-41C8-9219-8E9FD40D814E}.Release|Any CPU.ActiveCfg = Release|Any CPU
		{B6D94822-061E-41C8-9219-8E9FD40D814E}.Release|Any CPU.Build.0 = Release|Any CPU
		{B6D94822-061E-41C8-9219-8E9FD40D814E}.Release|Any CPU.Deploy.0 = Release|Any CPU
		{B6D94822-061E-41C8-9219-8E9FD40D814E}.Release|ARM.ActiveCfg = Release|Any CPU
		{B6D94822-061E-41C8-9219-8E9FD40D814E}.Release|ARM.Build.0 = Release|Any CPU
		{B6D94822-061E-41C8-9219-8E9FD40D814E}.Release|ARM.Deploy.0 = Release|Any CPU
		{B6D94822-061E-41C8-9219-8E9FD40D814E}.Release|iPhone.ActiveCfg = Release|Any CPU
		{B6D94822-061E-41C8-9219-8E9FD40D814E}.Release|iPhone.Build.0 = Release|Any CPU
		{B6D94822-061E-41C8-9219-8E9FD40D814E}.Release|iPhone.Deploy.0 = Release|Any CPU
		{B6D94822-061E-41C8-9219-8E9FD40D814E}.Release|iPhoneSimulator.ActiveCfg = Release|Any CPU
		{B6D94822-061E-41C8-9219-8E9FD40D814E}.Release|iPhoneSimulator.Build.0 = Release|Any CPU
		{B6D94822-061E-41C8-9219-8E9FD40D814E}.Release|iPhoneSimulator.Deploy.0 = Release|Any CPU
		{B6D94822-061E-41C8-9219-8E9FD40D814E}.Release|x64.ActiveCfg = Release|Any CPU
		{B6D94822-061E-41C8-9219-8E9FD40D814E}.Release|x64.Build.0 = Release|Any CPU
		{B6D94822-061E-41C8-9219-8E9FD40D814E}.Release|x64.Deploy.0 = Release|Any CPU
		{B6D94822-061E-41C8-9219-8E9FD40D814E}.Release|x86.ActiveCfg = Release|Any CPU
		{B6D94822-061E-41C8-9219-8E9FD40D814E}.Release|x86.Build.0 = Release|Any CPU
		{B6D94822-061E-41C8-9219-8E9FD40D814E}.Release|x86.Deploy.0 = Release|Any CPU
		{820D73D5-D143-4905-AEE0-B0426086AAA7}.Ad-Hoc|Any CPU.ActiveCfg = Ad-Hoc|iPhone
		{820D73D5-D143-4905-AEE0-B0426086AAA7}.Ad-Hoc|ARM.ActiveCfg = Ad-Hoc|iPhone
		{820D73D5-D143-4905-AEE0-B0426086AAA7}.Ad-Hoc|iPhone.ActiveCfg = Ad-Hoc|iPhone
		{820D73D5-D143-4905-AEE0-B0426086AAA7}.Ad-Hoc|iPhone.Build.0 = Ad-Hoc|iPhone
		{820D73D5-D143-4905-AEE0-B0426086AAA7}.Ad-Hoc|iPhoneSimulator.ActiveCfg = Ad-Hoc|iPhoneSimulator
		{820D73D5-D143-4905-AEE0-B0426086AAA7}.Ad-Hoc|iPhoneSimulator.Build.0 = Ad-Hoc|iPhoneSimulator
		{820D73D5-D143-4905-AEE0-B0426086AAA7}.Ad-Hoc|x64.ActiveCfg = Ad-Hoc|iPhone
		{820D73D5-D143-4905-AEE0-B0426086AAA7}.Ad-Hoc|x86.ActiveCfg = Ad-Hoc|iPhone
		{820D73D5-D143-4905-AEE0-B0426086AAA7}.AppStore|Any CPU.ActiveCfg = AppStore|iPhone
		{820D73D5-D143-4905-AEE0-B0426086AAA7}.AppStore|ARM.ActiveCfg = AppStore|iPhone
		{820D73D5-D143-4905-AEE0-B0426086AAA7}.AppStore|iPhone.ActiveCfg = AppStore|iPhone
		{820D73D5-D143-4905-AEE0-B0426086AAA7}.AppStore|iPhone.Build.0 = AppStore|iPhone
		{820D73D5-D143-4905-AEE0-B0426086AAA7}.AppStore|iPhoneSimulator.ActiveCfg = AppStore|iPhoneSimulator
		{820D73D5-D143-4905-AEE0-B0426086AAA7}.AppStore|iPhoneSimulator.Build.0 = AppStore|iPhoneSimulator
		{820D73D5-D143-4905-AEE0-B0426086AAA7}.AppStore|x64.ActiveCfg = AppStore|iPhone
		{820D73D5-D143-4905-AEE0-B0426086AAA7}.AppStore|x86.ActiveCfg = AppStore|iPhone
		{820D73D5-D143-4905-AEE0-B0426086AAA7}.Debug|Any CPU.ActiveCfg = Debug|iPhone
		{820D73D5-D143-4905-AEE0-B0426086AAA7}.Debug|ARM.ActiveCfg = Debug|iPhone
		{820D73D5-D143-4905-AEE0-B0426086AAA7}.Debug|iPhone.ActiveCfg = Debug|iPhone
		{820D73D5-D143-4905-AEE0-B0426086AAA7}.Debug|iPhone.Build.0 = Debug|iPhone
		{820D73D5-D143-4905-AEE0-B0426086AAA7}.Debug|iPhoneSimulator.ActiveCfg = Debug|iPhoneSimulator
		{820D73D5-D143-4905-AEE0-B0426086AAA7}.Debug|iPhoneSimulator.Build.0 = Debug|iPhoneSimulator
		{820D73D5-D143-4905-AEE0-B0426086AAA7}.Debug|x64.ActiveCfg = Debug|iPhone
		{820D73D5-D143-4905-AEE0-B0426086AAA7}.Debug|x86.ActiveCfg = Debug|iPhone
		{820D73D5-D143-4905-AEE0-B0426086AAA7}.Release|Any CPU.ActiveCfg = Release|iPhone
		{820D73D5-D143-4905-AEE0-B0426086AAA7}.Release|ARM.ActiveCfg = Release|iPhone
		{820D73D5-D143-4905-AEE0-B0426086AAA7}.Release|iPhone.ActiveCfg = Release|iPhone
		{820D73D5-D143-4905-AEE0-B0426086AAA7}.Release|iPhone.Build.0 = Release|iPhone
		{820D73D5-D143-4905-AEE0-B0426086AAA7}.Release|iPhoneSimulator.ActiveCfg = Release|iPhoneSimulator
		{820D73D5-D143-4905-AEE0-B0426086AAA7}.Release|iPhoneSimulator.Build.0 = Release|iPhoneSimulator
		{820D73D5-D143-4905-AEE0-B0426086AAA7}.Release|x64.ActiveCfg = Release|iPhone
		{820D73D5-D143-4905-AEE0-B0426086AAA7}.Release|x86.ActiveCfg = Release|iPhone
		{E3DBBB50-DE75-4D98-9BCA-A561AAEAD510}.Ad-Hoc|Any CPU.ActiveCfg = Release|x86
		{E3DBBB50-DE75-4D98-9BCA-A561AAEAD510}.Ad-Hoc|Any CPU.Build.0 = Release|x86
		{E3DBBB50-DE75-4D98-9BCA-A561AAEAD510}.Ad-Hoc|Any CPU.Deploy.0 = Release|x86
		{E3DBBB50-DE75-4D98-9BCA-A561AAEAD510}.Ad-Hoc|ARM.ActiveCfg = Release|ARM
		{E3DBBB50-DE75-4D98-9BCA-A561AAEAD510}.Ad-Hoc|ARM.Build.0 = Release|ARM
		{E3DBBB50-DE75-4D98-9BCA-A561AAEAD510}.Ad-Hoc|ARM.Deploy.0 = Release|ARM
		{E3DBBB50-DE75-4D98-9BCA-A561AAEAD510}.Ad-Hoc|iPhone.ActiveCfg = Release|x86
		{E3DBBB50-DE75-4D98-9BCA-A561AAEAD510}.Ad-Hoc|iPhone.Build.0 = Release|x86
		{E3DBBB50-DE75-4D98-9BCA-A561AAEAD510}.Ad-Hoc|iPhone.Deploy.0 = Release|x86
		{E3DBBB50-DE75-4D98-9BCA-A561AAEAD510}.Ad-Hoc|iPhoneSimulator.ActiveCfg = Release|x86
		{E3DBBB50-DE75-4D98-9BCA-A561AAEAD510}.Ad-Hoc|iPhoneSimulator.Build.0 = Release|x86
		{E3DBBB50-DE75-4D98-9BCA-A561AAEAD510}.Ad-Hoc|iPhoneSimulator.Deploy.0 = Release|x86
		{E3DBBB50-DE75-4D98-9BCA-A561AAEAD510}.Ad-Hoc|x64.ActiveCfg = Release|x64
		{E3DBBB50-DE75-4D98-9BCA-A561AAEAD510}.Ad-Hoc|x64.Build.0 = Release|x64
		{E3DBBB50-DE75-4D98-9BCA-A561AAEAD510}.Ad-Hoc|x64.Deploy.0 = Release|x64
		{E3DBBB50-DE75-4D98-9BCA-A561AAEAD510}.Ad-Hoc|x86.ActiveCfg = Release|x86
		{E3DBBB50-DE75-4D98-9BCA-A561AAEAD510}.Ad-Hoc|x86.Build.0 = Release|x86
		{E3DBBB50-DE75-4D98-9BCA-A561AAEAD510}.Ad-Hoc|x86.Deploy.0 = Release|x86
		{E3DBBB50-DE75-4D98-9BCA-A561AAEAD510}.AppStore|Any CPU.ActiveCfg = Release|x86
		{E3DBBB50-DE75-4D98-9BCA-A561AAEAD510}.AppStore|Any CPU.Build.0 = Release|x86
		{E3DBBB50-DE75-4D98-9BCA-A561AAEAD510}.AppStore|Any CPU.Deploy.0 = Release|x86
		{E3DBBB50-DE75-4D98-9BCA-A561AAEAD510}.AppStore|ARM.ActiveCfg = Release|ARM
		{E3DBBB50-DE75-4D98-9BCA-A561AAEAD510}.AppStore|ARM.Build.0 = Release|ARM
		{E3DBBB50-DE75-4D98-9BCA-A561AAEAD510}.AppStore|ARM.Deploy.0 = Release|ARM
		{E3DBBB50-DE75-4D98-9BCA-A561AAEAD510}.AppStore|iPhone.ActiveCfg = Release|x86
		{E3DBBB50-DE75-4D98-9BCA-A561AAEAD510}.AppStore|iPhone.Build.0 = Release|x86
		{E3DBBB50-DE75-4D98-9BCA-A561AAEAD510}.AppStore|iPhone.Deploy.0 = Release|x86
		{E3DBBB50-DE75-4D98-9BCA-A561AAEAD510}.AppStore|iPhoneSimulator.ActiveCfg = Release|x86
		{E3DBBB50-DE75-4D98-9BCA-A561AAEAD510}.AppStore|iPhoneSimulator.Build.0 = Release|x86
		{E3DBBB50-DE75-4D98-9BCA-A561AAEAD510}.AppStore|iPhoneSimulator.Deploy.0 = Release|x86
		{E3DBBB50-DE75-4D98-9BCA-A561AAEAD510}.AppStore|x64.ActiveCfg = Release|x64
		{E3DBBB50-DE75-4D98-9BCA-A561AAEAD510}.AppStore|x64.Build.0 = Release|x64
		{E3DBBB50-DE75-4D98-9BCA-A561AAEAD510}.AppStore|x64.Deploy.0 = Release|x64
		{E3DBBB50-DE75-4D98-9BCA-A561AAEAD510}.AppStore|x86.ActiveCfg = Release|x86
		{E3DBBB50-DE75-4D98-9BCA-A561AAEAD510}.AppStore|x86.Build.0 = Release|x86
		{E3DBBB50-DE75-4D98-9BCA-A561AAEAD510}.AppStore|x86.Deploy.0 = Release|x86
		{E3DBBB50-DE75-4D98-9BCA-A561AAEAD510}.Debug|Any CPU.ActiveCfg = Debug|x86
		{E3DBBB50-DE75-4D98-9BCA-A561AAEAD510}.Debug|ARM.ActiveCfg = Debug|ARM
		{E3DBBB50-DE75-4D98-9BCA-A561AAEAD510}.Debug|ARM.Build.0 = Debug|ARM
		{E3DBBB50-DE75-4D98-9BCA-A561AAEAD510}.Debug|ARM.Deploy.0 = Debug|ARM
		{E3DBBB50-DE75-4D98-9BCA-A561AAEAD510}.Debug|iPhone.ActiveCfg = Debug|x86
		{E3DBBB50-DE75-4D98-9BCA-A561AAEAD510}.Debug|iPhoneSimulator.ActiveCfg = Debug|x86
		{E3DBBB50-DE75-4D98-9BCA-A561AAEAD510}.Debug|x64.ActiveCfg = Debug|x64
		{E3DBBB50-DE75-4D98-9BCA-A561AAEAD510}.Debug|x64.Build.0 = Debug|x64
		{E3DBBB50-DE75-4D98-9BCA-A561AAEAD510}.Debug|x64.Deploy.0 = Debug|x64
		{E3DBBB50-DE75-4D98-9BCA-A561AAEAD510}.Debug|x86.ActiveCfg = Debug|x86
		{E3DBBB50-DE75-4D98-9BCA-A561AAEAD510}.Debug|x86.Build.0 = Debug|x86
		{E3DBBB50-DE75-4D98-9BCA-A561AAEAD510}.Debug|x86.Deploy.0 = Debug|x86
		{E3DBBB50-DE75-4D98-9BCA-A561AAEAD510}.Release|Any CPU.ActiveCfg = Release|x86
		{E3DBBB50-DE75-4D98-9BCA-A561AAEAD510}.Release|ARM.ActiveCfg = Release|ARM
		{E3DBBB50-DE75-4D98-9BCA-A561AAEAD510}.Release|ARM.Build.0 = Release|ARM
		{E3DBBB50-DE75-4D98-9BCA-A561AAEAD510}.Release|ARM.Deploy.0 = Release|ARM
		{E3DBBB50-DE75-4D98-9BCA-A561AAEAD510}.Release|iPhone.ActiveCfg = Release|x86
		{E3DBBB50-DE75-4D98-9BCA-A561AAEAD510}.Release|iPhoneSimulator.ActiveCfg = Release|x86
		{E3DBBB50-DE75-4D98-9BCA-A561AAEAD510}.Release|x64.ActiveCfg = Release|x64
		{E3DBBB50-DE75-4D98-9BCA-A561AAEAD510}.Release|x64.Build.0 = Release|x64
		{E3DBBB50-DE75-4D98-9BCA-A561AAEAD510}.Release|x64.Deploy.0 = Release|x64
		{E3DBBB50-DE75-4D98-9BCA-A561AAEAD510}.Release|x86.ActiveCfg = Release|x86
		{E3DBBB50-DE75-4D98-9BCA-A561AAEAD510}.Release|x86.Build.0 = Release|x86
		{E3DBBB50-DE75-4D98-9BCA-A561AAEAD510}.Release|x86.Deploy.0 = Release|x86
	EndGlobalSection
	GlobalSection(SolutionProperties) = preSolution
		HideSolutionNode = FALSE
	EndGlobalSection
EndGlobal
